
Microsoft Visual Studio Solution File, Format Version 12.00
# Visual Studio 15
VisualStudioVersion = 15.0.28307.168
MinimumVisualStudioVersion = 10.0.40219.1
Project("{151D2E53-A2C4-4D7D-83FE-D05416EBD58E}") = "OMS-all-Deploy", "OMS-all-Deploy\OMS-all-Deploy.deployproj", "{3BB4C353-6478-4090-B4F4-3698CD676B66}"
EndProject
Global
	GlobalSection(SolutionConfigurationPlatforms) = preSolution
		Debug|Any CPU = Debug|Any CPU
		Release|Any CPU = Release|Any CPU
	EndGlobalSection
	GlobalSection(ProjectConfigurationPlatforms) = postSolution
		{3BB4C353-6478-4090-B4F4-3698CD676B66}.Debug|Any CPU.ActiveCfg = Debug|Any CPU
		{3BB4C353-6478-4090-B4F4-3698CD676B66}.Debug|Any CPU.Build.0 = Debug|Any CPU
		{3BB4C353-6478-4090-B4F4-3698CD676B66}.Release|Any CPU.ActiveCfg = Release|Any CPU
		{3BB4C353-6478-4090-B4F4-3698CD676B66}.Release|Any CPU.Build.0 = Release|Any CPU
	EndGlobalSection
	GlobalSection(SolutionProperties) = preSolution
		HideSolutionNode = FALSE
	EndGlobalSection
	GlobalSection(ExtensibilityGlobals) = postSolution
		SolutionGuid = {FB47E2A1-D28A-4147-A372-3FC58201C1DB}
	EndGlobalSection
EndGlobal
